
Microsoft Visual Studio Solution File, Format Version 12.00
# Visual Studio 15
VisualStudioVersion = 15.0.27130.2024
MinimumVisualStudioVersion = 10.0.40219.1
Project("{9A19103F-16F7-4668-BE54-9A1E7A4F7556}") = "HotelR", "HotelR\HotelR.csproj", "{DEDF5122-68DD-4317-A44B-C8C21DC295FB}"
EndProject
Project("{9A19103F-16F7-4668-BE54-9A1E7A4F7556}") = "HotelReservation.Test", "HotelReservation.Test\HotelReservation.Test.csproj", "{8D412AA0-D2D7-4302-872D-B05C31409FB5}"
EndProject
Global
	GlobalSection(SolutionConfigurationPlatforms) = preSolution
		Debug|Any CPU = Debug|Any CPU
		Release|Any CPU = Release|Any CPU
	EndGlobalSection
	GlobalSection(ProjectConfigurationPlatforms) = postSolution
		{DEDF5122-68DD-4317-A44B-C8C21DC295FB}.Debug|Any CPU.ActiveCfg = Debug|Any CPU
		{DEDF5122-68DD-4317-A44B-C8C21DC295FB}.Debug|Any CPU.Build.0 = Debug|Any CPU
		{DEDF5122-68DD-4317-A44B-C8C21DC295FB}.Release|Any CPU.ActiveCfg = Release|Any CPU
		{DEDF5122-68DD-4317-A44B-C8C21DC295FB}.Release|Any CPU.Build.0 = Release|Any CPU
		{8D412AA0-D2D7-4302-872D-B05C31409FB5}.Debug|Any CPU.ActiveCfg = Debug|Any CPU
		{8D412AA0-D2D7-4302-872D-B05C31409FB5}.Debug|Any CPU.Build.0 = Debug|Any CPU
		{8D412AA0-D2D7-4302-872D-B05C31409FB5}.Release|Any CPU.ActiveCfg = Release|Any CPU
		{8D412AA0-D2D7-4302-872D-B05C31409FB5}.Release|Any CPU.Build.0 = Release|Any CPU
	EndGlobalSection
	GlobalSection(SolutionProperties) = preSolution
		HideSolutionNode = FALSE
	EndGlobalSection
	GlobalSection(ExtensibilityGlobals) = postSolution
		SolutionGuid = {4B3DC25B-6A06-4DC0-8D8A-E1FACB2E89AF}
	EndGlobalSection
EndGlobal
